Microsoft Visual Studio Solution File, Format Version 12.00
# Visual Studio Version 17
VisualStudioVersion = 17.5.2.0
MinimumVisualStudioVersion = 10.0.40219.1
Project("{FAE04EC0-301F-11D3-BF4B-00C04F79EFBC}") = "CatalogDataTransformer", "CatalogDataTransformer\CatalogDataTransformer.csproj", "{C66EE9CA-9097-1772-D445-F0431EB68BB7}"
EndProject
Project("{2150E333-8FDC-42A3-9474-1A3956D46DE8}") = "ProductVectorSearchAPI", "ProductVectorSearchAPI", "{EB1E7164-D90A-6D8C-454C-EC57D4F0265C}"
EndProject
Project("{2150E333-8FDC-42A3-9474-1A3956D46DE8}") = "KITSProductData", "KITSProductData", "{E317B654-66CB-7CC7-D145-10D9C13919F7}"
EndProject
Project("{2150E333-8FDC-42A3-9474-1A3956D46DE8}") = "MongoDAL", "MongoDAL", "{AFD9F6C4-3904-AE58-E679-C3F46F55C03D}"
EndProject
Project("{FAE04EC0-301F-11D3-BF4B-00C04F79EFBC}") = "ProductVectorSearchAPI", "ProductVectorSearchAPI\ProductVectorSearchAPI\ProductVectorSearchAPI.csproj", "{59EDA5CD-27EC-6B36-4F9F-592282DB4A02}"
EndProject
Project("{FAE04EC0-301F-11D3-BF4B-00C04F79EFBC}") = "Data", "KITSProductData\Data\Data.csproj", "{62840C2C-9B60-7286-2173-65F4EC842FE7}"
EndProject
Project("{FAE04EC0-301F-11D3-BF4B-00C04F79EFBC}") = "Repository", "KITSProductData\Repository\Repository.csproj", "{680E0462-918A-E0A2-19F8-251D9C8A5EDA}"
EndProject
Project("{FAE04EC0-301F-11D3-BF4B-00C04F79EFBC}") = "MongoDAL", "MongoDAL\MongoDAL\MongoDAL.csproj", "{C9D2F7D6-7A97-9588-0CDE-40F71BEF2E5F}"
EndProject
Global
	GlobalSection(SolutionConfigurationPlatforms) = preSolution
		Debug|Any CPU = Debug|Any CPU
		Release|Any CPU = Release|Any CPU
	EndGlobalSection
	GlobalSection(ProjectConfigurationPlatforms) = postSolution
		{C66EE9CA-9097-1772-D445-F0431EB68BB7}.Debug|Any CPU.ActiveCfg = Debug|Any CPU
		{C66EE9CA-9097-1772-D445-F0431EB68BB7}.Debug|Any CPU.Build.0 = Debug|Any CPU
		{C66EE9CA-9097-1772-D445-F0431EB68BB7}.Release|Any CPU.ActiveCfg = Release|Any CPU
		{C66EE9CA-9097-1772-D445-F0431EB68BB7}.Release|Any CPU.Build.0 = Release|Any CPU
		{59EDA5CD-27EC-6B36-4F9F-592282DB4A02}.Debug|Any CPU.ActiveCfg = Debug|Any CPU
		{59EDA5CD-27EC-6B36-4F9F-592282DB4A02}.Debug|Any CPU.Build.0 = Debug|Any CPU
		{59EDA5CD-27EC-6B36-4F9F-592282DB4A02}.Release|Any CPU.ActiveCfg = Release|Any CPU
		{59EDA5CD-27EC-6B36-4F9F-592282DB4A02}.Release|Any CPU.Build.0 = Release|Any CPU
		{62840C2C-9B60-7286-2173-65F4EC842FE7}.Debug|Any CPU.ActiveCfg = Debug|Any CPU
		{62840C2C-9B60-7286-2173-65F4EC842FE7}.Debug|Any CPU.Build.0 = Debug|Any CPU
		{62840C2C-9B60-7286-2173-65F4EC842FE7}.Release|Any CPU.ActiveCfg = Release|Any CPU
		{62840C2C-9B60-7286-2173-65F4EC842FE7}.Release|Any CPU.Build.0 = Release|Any CPU
		{680E0462-918A-E0A2-19F8-251D9C8A5EDA}.Debug|Any CPU.ActiveCfg = Debug|Any CPU
		{680E0462-918A-E0A2-19F8-251D9C8A5EDA}.Debug|Any CPU.Build.0 = Debug|Any CPU
		{680E0462-918A-E0A2-19F8-251D9C8A5EDA}.Release|Any CPU.ActiveCfg = Release|Any CPU
		{680E0462-918A-E0A2-19F8-251D9C8A5EDA}.Release|Any CPU.Build.0 = Release|Any CPU
		{C9D2F7D6-7A97-9588-0CDE-40F71BEF2E5F}.Debug|Any CPU.ActiveCfg = Debug|Any CPU
		{C9D2F7D6-7A97-9588-0CDE-40F71BEF2E5F}.Debug|Any CPU.Build.0 = Debug|Any CPU
		{C9D2F7D6-7A97-9588-0CDE-40F71BEF2E5F}.Release|Any CPU.ActiveCfg = Release|Any CPU
		{C9D2F7D6-7A97-9588-0CDE-40F71BEF2E5F}.Release|Any CPU.Build.0 = Release|Any CPU
	EndGlobalSection
	GlobalSection(SolutionProperties) = preSolution
		HideSolutionNode = FALSE
	EndGlobalSection
	GlobalSection(NestedProjects) = preSolution
		{59EDA5CD-27EC-6B36-4F9F-592282DB4A02} = {EB1E7164-D90A-6D8C-454C-EC57D4F0265C}
		{62840C2C-9B60-7286-2173-65F4EC842FE7} = {E317B654-66CB-7CC7-D145-10D9C13919F7}
		{680E0462-918A-E0A2-19F8-251D9C8A5EDA} = {E317B654-66CB-7CC7-D145-10D9C13919F7}
		{C9D2F7D6-7A97-9588-0CDE-40F71BEF2E5F} = {AFD9F6C4-3904-AE58-E679-C3F46F55C03D}
	EndGlobalSection
	GlobalSection(ExtensibilityGlobals) = postSolution
		SolutionGuid = {FD99EEF3-1893-43C2-953B-DFE88AD41928}
	EndGlobalSection
EndGlobal
